
Microsoft Visual Studio Solution File, Format Version 12.00
# Visual Studio 19
VisualStudioVersion = 15.0.27428.2037
MinimumVisualStudioVersion = 10.0.40219.1
Project("{FAE04EC0-301F-11D3-BF4B-00C04F79EFBC}") = "PsychologyImprisonmentPatch", "PsychologyImprisonmentPatch\PsychologyImprisonmentPatch.csproj", "{64DC2ECA-1FC5-4B22-8C89-BB61F96ED8D2}"
EndProject
Global
	GlobalSection(SolutionConfigurationPlatforms) = preSolution
		Debug|Any CPU = Debug|Any CPU
		Release|Any CPU = Release|Any CPU
	EndGlobalSection
	GlobalSection(ProjectConfigurationPlatforms) = postSolution
		{64DC2ECA-1FC5-4B22-8C89-BB61F96ED8D2}.Debug|Any CPU.ActiveCfg = Debug|Any CPU
		{64DC2ECA-1FC5-4B22-8C89-BB61F96ED8D2}.Debug|Any CPU.Build.0 = Debug|Any CPU
		{64DC2ECA-1FC5-4B22-8C89-BB61F96ED8D2}.Release|Any CPU.ActiveCfg = Release|Any CPU
		{64DC2ECA-1FC5-4B22-8C89-BB61F96ED8D2}.Release|Any CPU.Build.0 = Release|Any CPU
	EndGlobalSection
	GlobalSection(SolutionProperties) = preSolution
		HideSolutionNode = FALSE
	EndGlobalSection
	GlobalSection(ExtensibilityGlobals) = postSolution
		SolutionGuid = {D1E06ABC-85C9-428A-950B-53B0705014D2}
	EndGlobalSection
EndGlobal
